Microsoft Visual Studio Solution File, Format Version 12.00
# Visual Studio Version 17
VisualStudioVersion = 17.5.2.0
MinimumVisualStudioVersion = 10.0.40219.1
Project("{FAE04EC0-301F-11D3-BF4B-00C04F79EFBC}") = "UbuntuSafeSnap", "UbuntuSafeSnap\UbuntuSafeSnap.csproj", "{B9D74D59-2729-8C91-F5D6-3C2300F5540D}"
EndProject
Global
	GlobalSection(SolutionConfigurationPlatforms) = preSolution
		Debug|Any CPU = Debug|Any CPU
		Release|Any CPU = Release|Any CPU
	EndGlobalSection
	GlobalSection(ProjectConfigurationPlatforms) = postSolution
		{B9D74D59-2729-8C91-F5D6-3C2300F5540D}.Debug|Any CPU.ActiveCfg = Debug|Any CPU
		{B9D74D59-2729-8C91-F5D6-3C2300F5540D}.Debug|Any CPU.Build.0 = Debug|Any CPU
		{B9D74D59-2729-8C91-F5D6-3C2300F5540D}.Release|Any CPU.ActiveCfg = Release|Any CPU
		{B9D74D59-2729-8C91-F5D6-3C2300F5540D}.Release|Any CPU.Build.0 = Release|Any CPU
	EndGlobalSection
	GlobalSection(SolutionProperties) = preSolution
		HideSolutionNode = FALSE
	EndGlobalSection
	GlobalSection(ExtensibilityGlobals) = postSolution
		SolutionGuid = {1D910FFD-EE3B-4947-804D-91403238D75B}
	EndGlobalSection
EndGlobal
